# This file is automatically @generated by Cargo.
# It is not intended for manual editing.
version = 4

[[package]]
name = "ccanary"
version = "0.1.0"
dependencies = [
 "ccanary_driver",
]

[[package]]
name = "ccanary_driver"
version = "0.0.0"
dependencies = [
 "ccanary_lexer",
]

[[package]]
name = "ccanary_lexer"
version = "0.0.0"
